{
  "name": "my-awesome-package",
  "version": "1.0.0",
  "lockfileVersion": 1,
  "requires": true,
  "dependencies": {
    "html5shiv": {
      "version": "3.7.3",
      "resolved": "https://registry.npmjs.org/html5shiv/-/html5shiv-3.7.3.tgz",
      "integrity": "sha1-14qEo2e8uacQEA1XgCw4ewhGMdI="
    },
    "insert-css": {
      "version": "0.0.0",
      "resolved": "https://registry.npmjs.org/insert-css/-/insert-css-0.0.0.tgz",
      "integrity": "sha1-IwS/pviTq+y4/5yo2cdgXZTPKRE="
    },
    "jquery": {
      "version": "3.3.1",
      "resolved": "https://registry.npmjs.org/jquery/-/jquery-3.3.1.tgz",
      "integrity": "sha512-Ubldcmxp5np52/ENotGxlLe6aGMvmF4R8S6tZjsP6Knsaxd/xp3Zrh50cG93lR6nPXyUFwzN3ZSOQI0wRJNdGg=="
    },
    "jquery-validation": {
      "version": "1.17.0",
      "resolved": "https://registry.npmjs.org/jquery-validation/-/jquery-validation-1.17.0.tgz",
      "integrity": "sha512-XddiAwhGdWhcIJ+W3ri3KG8uTPMua4TPYuUIC8/E7lOyqdScG5xHuy9YishlKc0c/lIQai77EX7hxMdTSYCEjA==",
      "requires": {
        "jquery": "^1.7 || ^2.0 || ^3.1"
      }
    },
    "normalize-css": {
      "version": "2.3.1",
      "resolved": "https://registry.npmjs.org/normalize-css/-/normalize-css-2.3.1.tgz",
      "integrity": "sha1-/APjuR46Uap6GDa657K2rG1R4VY=",
      "requires": {
        "insert-css": "0.0.0"
      }
    },
    "nouislider": {
      "version": "11.1.0",
      "resolved": "http://registry.npmjs.org/nouislider/-/nouislider-11.1.0.tgz",
      "integrity": "sha512-nD+Fgc8A8j6hnGvR5AaV+OBuLF446z4H2fmcEJ/6U6CJr6rAnFnionMXu7dmdghZ+bhgePvL3wrDRbu+0ux7Jg==",
      "dev": true
    },
    "perfect-scrollbar": {
      "version": "1.4.0",
      "resolved": "https://registry.npmjs.org/perfect-scrollbar/-/perfect-scrollbar-1.4.0.tgz",
      "integrity": "sha512-/2Sk/khljhdrsamjJYS5NjrH+GKEHEwh7zFSiYyxROyYKagkE4kSn2zDQDRTOMo8mpT2jikxx6yI1dG7lNP/hw==",
      "dev": true
    },
    "slick-carousel": {
      "version": "1.8.1",
      "resolved": "https://registry.npmjs.org/slick-carousel/-/slick-carousel-1.8.1.tgz",
      "integrity": "sha512-XB9Ftrf2EEKfzoQXt3Nitrt/IPbT+f1fgqBdoxO3W/+JYvtEOW6EgxnWfr9GH6nmULv7Y2tPmEX3koxThVmebA==",
      "dev": true
    },
    "tooltipster": {
      "version": "4.2.6",
      "resolved": "https://registry.npmjs.org/tooltipster/-/tooltipster-4.2.6.tgz",
      "integrity": "sha1-+/ej9bQL2D6BV04o2WZ8+CZnvHk=",
      "dev": true
    }
  }
}
